
Microsoft Visual Studio Solution File, Format Version 12.00
# Visual Studio Version 17
VisualStudioVersion = 17.13.35818.85
MinimumVisualStudioVersion = 10.0.40219.1
Project("{FAE04EC0-301F-11D3-BF4B-00C04F79EFBC}") = "ComunicaMais.API", "ComunicaMais.API\ComunicaMais.API.csproj", "{491E4B4A-A6C4-450C-8342-339EBEA303C8}"
EndProject
Project("{2150E333-8FDC-42A3-9474-1A3956D46DE8}") = "Itens de Solução", "Itens de Solução", "{380A7511-A354-6D7A-0CC0-8FA1F1BA7B6C}"
	ProjectSection(SolutionItems) = preProject
		Readme.md = Readme.md
	EndProjectSection
EndProject
Global
	GlobalSection(SolutionConfigurationPlatforms) = preSolution
		Debug|Any CPU = Debug|Any CPU
		Release|Any CPU = Release|Any CPU
	EndGlobalSection
	GlobalSection(ProjectConfigurationPlatforms) = postSolution
		{491E4B4A-A6C4-450C-8342-339EBEA303C8}.Debug|Any CPU.ActiveCfg = Debug|Any CPU
		{491E4B4A-A6C4-450C-8342-339EBEA303C8}.Debug|Any CPU.Build.0 = Debug|Any CPU
		{491E4B4A-A6C4-450C-8342-339EBEA303C8}.Release|Any CPU.ActiveCfg = Release|Any CPU
		{491E4B4A-A6C4-450C-8342-339EBEA303C8}.Release|Any CPU.Build.0 = Release|Any CPU
	EndGlobalSection
	GlobalSection(SolutionProperties) = preSolution
		HideSolutionNode = FALSE
	EndGlobalSection
	GlobalSection(ExtensibilityGlobals) = postSolution
		SolutionGuid = {033316F7-753B-410F-81A2-0276D8F5F99B}
	EndGlobalSection
EndGlobal
